{
  "name": "p4",
  "version": "1.0.0",
  "lockfileVersion": 3,
  "requires": true,
  "packages": {
    "": {
      "name": "p4",
      "version": "1.0.0",
      "license": "ISC",
      "devDependencies": {
        "eruda": "^3.4.1"
      }
    },
    "node_modules/eruda": {
      "version": "3.4.1",
      "resolved": "https://registry.npmjs.org/eruda/-/eruda-3.4.1.tgz",
      "integrity": "sha512-RmaO5yD97URY/9Q0lye3cmmNPoXNKreeePIw7c/zllbscR92CjGFZFuQ70+0fLIvLcKW3Xha8DS8NFhmeNbEBQ==",
      "dev": true,
      "license": "MIT"
    }
  }
}
